{
  "name": "khmer-phonetic-keyboard",
  "version": "1.0.0",
  "lockfileVersion": 3,
  "requires": true,
  "packages": {
    "": {
      "name": "khmer-phonetic-keyboard",
      "version": "1.0.0",
      "license": "MIT",
      "devDependencies": {
        "@keymanapp/kmc": "^18.0.249"
      }
    },
    "node_modules/@keymanapp/common-types": {
      "version": "18.0.249",
      "resolved": "https://registry.npmjs.org/@keymanapp/common-types/-/common-types-18.0.249.tgz",
      "integrity": "sha512-W217+2CZMWcIQiXbB9EFWKNWZ+92JGqlmnHl3LFcf5GmoY/tHZDvZg5TXze+rXft7VhFYF+SQFWflkxUDaP+Yg==",
      "dev": true,
      "license": "MIT",
      "dependencies": {
        "@keymanapp/keyman-version": "18.0.249",
        "@keymanapp/ldml-keyboard-constants": "18.0.249",
        "restructure": "3.0.1"
      }
    },
    "node_modules/@keymanapp/developer-utils": {
      "version": "18.0.249",
      "resolved": "https://registry.npmjs.org/@keymanapp/developer-utils/-/developer-utils-18.0.249.tgz",
      "integrity": "sha512-YyCzuHOrOhyzqvu4VuLDlyseKsqOPzq2By4Qw6BWElKC7lUYM+o+41SZu84OjUvO6V0MA3CAtwqS7AtfYLFrAg==",
      "dev": true,
      "license": "MIT",
      "dependencies": {
        "@keymanapp/common-types": "18.0.249",
        "@sentry/node": "^7.57.0",
        "eventemitter3": "^5.0.0",
        "fast-xml-parser": "^5.0.9",
        "path-browserify": "^1.0.1",
        "restructure": "^3.0.1",
        "sax": ">=0.6.0",
        "semver": "^7.5.4",
        "xmlbuilder": "~11.0.0"
      }
    },
    "node_modules/@keymanapp/keyman-version": {
      "version": "18.0.249",
      "resolved": "https://registry.npmjs.org/@keymanapp/keyman-version/-/keyman-version-18.0.249.tgz",
      "integrity": "sha512-+K/oLyoActRw2Ye8YKH7Yrud46y3S4PUXv3RxP5TdF0UIFR/Vdscm9BCjxgEwI0yeNXoUpGyZANAKM4IUGdJ8Q==",
      "dev": true,
      "license": "MIT"
    },
    "node_modules/@keymanapp/kmc": {
      "version": "18.0.249",
      "resolved": "https://registry.npmjs.org/@keymanapp/kmc/-/kmc-18.0.249.tgz",
      "integrity": "sha512-PVQTOVQP5GLXybYl3s0SJlTtBF5IqAOz3xYQaY+XKeX229jpY6xmy1SZA6ZsoXH0xPqBtEUG8Wa2t2MrLla8fQ==",
      "dev": true,
      "license": "MIT",
      "dependencies": {
        "@keymanapp/common-types": "18.0.249",
        "@keymanapp/developer-utils": "18.0.249",
        "@keymanapp/keyman-version": "18.0.249",
        "@keymanapp/kmc-analyze": "18.0.249",
        "@keymanapp/kmc-copy": "18.0.249",
        "@keymanapp/kmc-generate": "18.0.249",
        "@keymanapp/kmc-keyboard-info": "18.0.249",
        "@keymanapp/kmc-kmn": "18.0.249",
        "@keymanapp/kmc-ldml": "18.0.249",
        "@keymanapp/kmc-model": "18.0.249",
        "@keymanapp/kmc-model-info": "18.0.249",
        "@keymanapp/kmc-package": "18.0.249",
        "@sentry/node": "^7.57.0",
        "chalk": "^2.4.2",
        "commander": "^10.0.0",
        "supports-color": "^9.4.0"
      },
      "bin": {
        "kmc": "build/src/kmc.js",
        "kmlmc": "build/src/kmlmc.js",
        "kmlmp": "build/src/kmlmp.js"
      }
    },
    "node_modules/@keymanapp/kmc-analyze": {
      "version": "18.0.249",
      "resolved": "https://registry.npmjs.org/@keymanapp/kmc-analyze/-/kmc-analyze-18.0.249.tgz",
      "integrity": "sha512-AZvQFE5kFOQ0+yBhEA7I/usojWCJ2k8BveyO09paEAVvpXUI9wiZ6sElVzX+TAwDgBLLY2EShpBbLjGkOz3cGg==",
      "dev": true,
      "license": "MIT",
      "dependencies": {
        "@keymanapp/common-types": "18.0.249",
        "@keymanapp/developer-utils": "18.0.249",
        "@keymanapp/kmc-kmn": "18.0.249"
      }
    },
    "node_modules/@keymanapp/kmc-copy": {
      "version": "18.0.249",
      "resolved": "https://registry.npmjs.org/@keymanapp/kmc-copy/-/kmc-copy-18.0.249.tgz",
      "integrity": "sha512-ZW7dP49unYeOEQVEcLo2Kw8AHQ3EvqghDX8UAERzoT64uE6x1HegSvYPycxH3t9X1TB7ExjedXpWDyn1IOpTow==",
      "dev": true,
      "license": "MIT",
      "dependencies": {
        "@keymanapp/common-types": "18.0.249",
        "@keymanapp/developer-utils": "18.0.249",
        "@keymanapp/keyman-version": "18.0.249"
      }
    },
    "node_modules/@keymanapp/kmc-generate": {
      "version": "18.0.249",
      "resolved": "https://registry.npmjs.org/@keymanapp/kmc-generate/-/kmc-generate-18.0.249.tgz",
      "integrity": "sha512-8JoK/mUbCZDKcVGipHCOMzYDDmkPfqmbGfPcSfMwN2mND1v+tE+4pTWCibHAYlc69jUm/apGLuxWhoUqBz/jcw==",
      "dev": true,
      "license": "MIT",
      "dependencies": {
        "@keymanapp/common-types": "18.0.249",
        "@keymanapp/developer-utils": "18.0.249",
        "@keymanapp/keyman-version": "18.0.249",
        "@keymanapp/langtags": "18.0.249"
      }
    },
    "node_modules/@keymanapp/kmc-keyboard-info": {
      "version": "18.0.249",
      "resolved": "https://registry.npmjs.org/@keymanapp/kmc-keyboard-info/-/kmc-keyboard-info-18.0.249.tgz",
      "integrity": "sha512-GWmJA18/Jwix1a3XEYR9dckwuK9SMpd1ZnQZBt0cfwJLLaKGWvhE5P3IEnwlT116jsByLp9dLC9/tSaV1yVR4w==",
      "dev": true,
      "license": "MIT",
      "dependencies": {
        "@keymanapp/common-types": "18.0.249",
        "@keymanapp/developer-utils": "18.0.249",
        "@keymanapp/kmc-package": "18.0.249",
        "@keymanapp/langtags": "18.0.249"
      }
    },
    "node_modules/@keymanapp/kmc-kmn": {
      "version": "18.0.249",
      "resolved": "https://registry.npmjs.org/@keymanapp/kmc-kmn/-/kmc-kmn-18.0.249.tgz",
      "integrity": "sha512-sYrU1mf2VyEgmq2LMkEzgYtBnns/Cs24hSdVwU+oNp90NQ9SUeOVbIxWkst7jSFgqAR/wRe4XE+mtaw1Z5+fdQ==",
      "dev": true,
      "license": "MIT",
      "dependencies": {
        "@keymanapp/common-types": "18.0.249",
        "@keymanapp/developer-utils": "18.0.249",
        "@keymanapp/keyman-version": "18.0.249"
      }
    },
    "node_modules/@keymanapp/kmc-ldml": {
      "version": "18.0.249",
      "resolved": "https://registry.npmjs.org/@keymanapp/kmc-ldml/-/kmc-ldml-18.0.249.tgz",
      "integrity": "sha512-O5pmqahk3wa+Akh8wFnp9bRbr1FqDYsmbakRg8hTTy/EHf7n+ZKpoLcakYmpjcP6Lmmq5QYKXw8Z2H1mM8H4gQ==",
      "dev": true,
      "license": "MIT",
      "dependencies": {
        "@keymanapp/developer-utils": "18.0.249",
        "@keymanapp/keyman-version": "18.0.249",
        "@keymanapp/kmc-kmn": "18.0.249",
        "@keymanapp/ldml-keyboard-constants": "18.0.249",
        "semver": "^7.5.4"
      }
    },
    "node_modules/@keymanapp/kmc-model": {
      "version": "18.0.249",
      "resolved": "https://registry.npmjs.org/@keymanapp/kmc-model/-/kmc-model-18.0.249.tgz",
      "integrity": "sha512-75KPuzR4/Iqs+drI+104YUnDcyiGtrEDC69H3XvJrkarWYUFeoIPjbmuMltviEoAIRGQ6/yFqECQj5iczZud5g==",
      "dev": true,
      "license": "MIT",
      "dependencies": {
        "@keymanapp/common-types": "18.0.249",
        "@keymanapp/keyman-version": "18.0.249",
        "typescript": "^5.4.5"
      }
    },
    "node_modules/@keymanapp/kmc-model-info": {
      "version": "18.0.249",
      "resolved": "https://registry.npmjs.org/@keymanapp/kmc-model-info/-/kmc-model-info-18.0.249.tgz",
      "integrity": "sha512-QQXOANTF0S5OA2RLnpNewxCFjUPqpJ82xplDTFKbfU+SWvs0aQydOYZsKaMMRIEZmPeSnSgTubP+BeLyPKl+tA==",
      "dev": true,
      "license": "MIT",
      "dependencies": {
        "@keymanapp/common-types": "18.0.249",
        "@keymanapp/developer-utils": "18.0.249"
      }
    },
    "node_modules/@keymanapp/kmc-package": {
      "version": "18.0.249",
      "resolved": "https://registry.npmjs.org/@keymanapp/kmc-package/-/kmc-package-18.0.249.tgz",
      "integrity": "sha512-R4IxLguRHLTJKIiymsCFT8GGkqjOs9eLI8cGG9yP3BB4TpW1Uk0p37Vd6kVZy46cxechFNs8POKZFigvFy2/Jw==",
      "dev": true,
      "license": "MIT",
      "dependencies": {
        "@keymanapp/common-types": "18.0.249",
        "@keymanapp/developer-utils": "18.0.249",
        "jszip": "^3.7.0",
        "marked": "^7.0.0"
      }
    },
    "node_modules/@keymanapp/langtags": {
      "version": "18.0.249",
      "resolved": "https://registry.npmjs.org/@keymanapp/langtags/-/langtags-18.0.249.tgz",
      "integrity": "sha512-dWzT9r4lqBCvH1Ex9h1yV9/lnSl1Esv1kOnCf0vv6NWx+T2Yjyeayv26y9DVn3yn009+rrsBv3goeWfwlXHS2g==",
      "dev": true,
      "license": "MIT"
    },
    "node_modules/@keymanapp/ldml-keyboard-constants": {
      "version": "18.0.249",
      "resolved": "https://registry.npmjs.org/@keymanapp/ldml-keyboard-constants/-/ldml-keyboard-constants-18.0.249.tgz",
      "integrity": "sha512-Xdu6Bsj82LeA6vxZdfrSZFJaY4Wka3a/41NfYAB+OVZ9ZevUXvaGtHrGH2s2zV50srapBqLWsUhn/9oYBoUV7g==",
      "dev": true,
      "license": "MIT"
    },
    "node_modules/@nodable/entities": {
      "version": "3.0.0",
      "resolved": "https://registry.npmjs.org/@nodable/entities/-/entities-3.0.0.tgz",
      "integrity": "sha512-8L9xFeTYKhm49xfIypoe2W5wV1m/3Z58kT+7kR9A8OyFxcPduI4VmxaUMQyKYrRjUoLLSXv6EKKID5Tvj9cUVw==",
      "dev": true,
      "funding": [
        {
          "type": "github",
          "url": "https://github.com/sponsors/nodable"
        }
      ],
      "license": "MIT"
    },
    "node_modules/@sentry-internal/tracing": {
      "version": "7.120.4",
      "resolved": "https://registry.npmjs.org/@sentry-internal/tracing/-/tracing-7.120.4.tgz",
      "integrity": "sha512-Fz5+4XCg3akeoFK+K7g+d7HqGMjmnLoY2eJlpONJmaeT9pXY7yfUyXKZMmMajdE2LxxKJgQ2YKvSCaGVamTjHw==",
      "dev": true,
      "license": "MIT",
      "dependencies": {
        "@sentry/core": "7.120.4",
        "@sentry/types": "7.120.4",
        "@sentry/utils": "7.120.4"
      },
      "engines": {
        "node": ">=8"
      }
    },
    "node_modules/@sentry/core": {
      "version": "7.120.4",
      "resolved": "https://registry.npmjs.org/@sentry/core/-/core-7.120.4.tgz",
      "integrity": "sha512-TXu3Q5kKiq8db9OXGkWyXUbIxMMuttB5vJ031yolOl5T/B69JRyAoKuojLBjRv1XX583gS1rSSoX8YXX7ATFGA==",
      "dev": true,
      "license": "MIT",
      "dependencies": {
        "@sentry/types": "7.120.4",
        "@sentry/utils": "7.120.4"
      },
      "engines": {
        "node": ">=8"
      }
    },
    "node_modules/@sentry/integrations": {
      "version": "7.120.4",
      "resolved": "https://registry.npmjs.org/@sentry/integrations/-/integrations-7.120.4.tgz",
      "integrity": "sha512-kkBTLk053XlhDCg7OkBQTIMF4puqFibeRO3E3YiVc4PGLnocXMaVpOSCkMqAc1k1kZ09UgGi8DxfQhnFEjUkpA==",
      "dev": true,
      "license": "MIT",
      "dependencies": {
        "@sentry/core": "7.120.4",
        "@sentry/types": "7.120.4",
        "@sentry/utils": "7.120.4",
        "localforage": "^1.8.1"
      },
      "engines": {
        "node": ">=8"
      }
    },
    "node_modules/@sentry/node": {
      "version": "7.120.4",
      "resolved": "https://registry.npmjs.org/@sentry/node/-/node-7.120.4.tgz",
      "integrity": "sha512-qq3wZAXXj2SRWhqErnGCSJKUhPSlZ+RGnCZjhfjHpP49KNpcd9YdPTIUsFMgeyjdh6Ew6aVCv23g1hTP0CHpYw==",
      "dev": true,
      "license": "MIT",
      "dependencies": {
        "@sentry-internal/tracing": "7.120.4",
        "@sentry/core": "7.120.4",
        "@sentry/integrations": "7.120.4",
        "@sentry/types": "7.120.4",
        "@sentry/utils": "7.120.4"
      },
      "engines": {
        "node": ">=8"
      }
    },
    "node_modules/@sentry/types": {
      "version": "7.120.4",
      "resolved": "https://registry.npmjs.org/@sentry/types/-/types-7.120.4.tgz",
      "integrity": "sha512-cUq2hSSe6/qrU6oZsEP4InMI5VVdD86aypE+ENrQ6eZEVLTCYm1w6XhW1NvIu3UuWh7gZec4a9J7AFpYxki88Q==",
      "dev": true,
      "license": "MIT",
      "engines": {
        "node": ">=8"
      }
    },
    "node_modules/@sentry/utils": {
      "version": "7.120.4",
      "resolved": "https://registry.npmjs.org/@sentry/utils/-/utils-7.120.4.tgz",
      "integrity": "sha512-zCKpyDIWKHwtervNK2ZlaK8mMV7gVUijAgFeJStH+CU/imcdquizV3pFLlSQYRswG+Lbyd6CT/LGRh3IbtkCFw==",
      "dev": true,
      "license": "MIT",
      "dependencies": {
        "@sentry/types": "7.120.4"
      },
      "engines": {
        "node": ">=8"
      }
    },
    "node_modules/ansi-styles": {
      "version": "3.2.1",
      "resolved": "https://registry.npmjs.org/ansi-styles/-/ansi-styles-3.2.1.tgz",
      "integrity": "sha512-VT0ZI6kZRdTh8YyJw3SMbYm/u+NqfsAxEpWO0Pf9sq8/e94WxxOpPKx9FR1FlyCtOVDNOQ+8ntlqFxiRc+r5qA==",
      "dev": true,
      "license": "MIT",
      "dependencies": {
        "color-convert": "^1.9.0"
      },
      "engines": {
        "node": ">=4"
      }
    },
    "node_modules/anynum": {
      "version": "1.0.1",
      "resolved": "https://registry.npmjs.org/anynum/-/anynum-1.0.1.tgz",
      "integrity": "sha512-N6//FLET/tXYNM/F6ABca1oH6fWB+KlTt909Le28WMDBk8oaT4vY17DCrwg2MvmuqUKt3Ni4N5dGJ/EoBgcO6A==",
      "dev": true,
      "funding": [
        {
          "type": "github",
          "url": "https://github.com/sponsors/NaturalIntelligence"
        }
      ],
      "license": "MIT"
    },
    "node_modules/chalk": {
      "version": "2.4.2",
      "resolved": "https://registry.npmjs.org/chalk/-/chalk-2.4.2.tgz",
      "integrity": "sha512-Mti+f9lpJNcwF4tWV8/OrTTtF1gZi+f8FqlyAdouralcFWFQWF2+NgCHShjkCb+IFBLq9buZwE1xckQU4peSuQ==",
      "dev": true,
      "license": "MIT",
      "dependencies": {
        "ansi-styles": "^3.2.1",
        "escape-string-regexp": "^1.0.5",
        "supports-color": "^5.3.0"
      },
      "engines": {
        "node": ">=4"
      }
    },
    "node_modules/chalk/node_modules/supports-color": {
      "version": "5.5.0",
      "resolved": "https://registry.npmjs.org/supports-color/-/supports-color-5.5.0.tgz",
      "integrity": "sha512-QjVjwdXIt408MIiAqCX4oUKsgU2EqAGzs2Ppkm4aQYbjm+ZEWEcW4SfFNTr4uMNZma0ey4f5lgLrkB0aX0QMow==",
      "dev": true,
      "license": "MIT",
      "dependencies": {
        "has-flag": "^3.0.0"
      },
      "engines": {
        "node": ">=4"
      }
    },
    "node_modules/color-convert": {
      "version": "1.9.3",
      "resolved": "https://registry.npmjs.org/color-convert/-/color-convert-1.9.3.tgz",
      "integrity": "sha512-QfAUtd+vFdAtFQcC8CCyYt1fYWxSqAiK2cSD6zDB8N3cpsEBAvRxp9zOGg6G/SHHJYAT88/az/IuDGALsNVbGg==",
      "dev": true,
      "license": "MIT",
      "dependencies": {
        "color-name": "1.1.3"
      }
    },
    "node_modules/color-name": {
      "version": "1.1.3",
      "resolved": "https://registry.npmjs.org/color-name/-/color-name-1.1.3.tgz",
      "integrity": "sha512-72fSenhMw2HZMTVHeCA9KCmpEIbzWiQsjN+BHcBbS9vr1mtt+vJjPdksIBNUmKAW8TFUDPJK5SUU3QhE9NEXDw==",
      "dev": true,
      "license": "MIT"
    },
    "node_modules/commander": {
      "version": "10.0.1",
      "resolved": "https://registry.npmjs.org/commander/-/commander-10.0.1.tgz",
      "integrity": "sha512-y4Mg2tXshplEbSGzx7amzPwKKOCGuoSRP/CjEdwwk0FOGlUbq6lKuoyDZTNZkmxHdJtp54hdfY/JUrdL7Xfdug==",
      "dev": true,
      "license": "MIT",
      "engines": {
        "node": ">=14"
      }
    },
    "node_modules/core-util-is": {
      "version": "1.0.3",
      "resolved": "https://registry.npmjs.org/core-util-is/-/core-util-is-1.0.3.tgz",
      "integrity": "sha512-ZQBvi1DcpJ4GDqanjucZ2Hj3wEO5pZDS89BWbkcrvdxksJorwUDDZamX9ldFkp9aw2lmBDLgkObEA4DWNJ9FYQ==",
      "dev": true,
      "license": "MIT"
    },
    "node_modules/escape-string-regexp": {
      "version": "1.0.5",
      "resolved": "https://registry.npmjs.org/escape-string-regexp/-/escape-string-regexp-1.0.5.tgz",
      "integrity": "sha512-vbRorB5FUQWvla16U8R/qgaFIya2qGzwDrNmCZuYKrbdSUMG6I1ZCGQRefkRVhuOkIGVne7BQ35DSfo1qvJqFg==",
      "dev": true,
      "license": "MIT",
      "engines": {
        "node": ">=0.8.0"
      }
    },
    "node_modules/eventemitter3": {
      "version": "5.0.4",
      "resolved": "https://registry.npmjs.org/eventemitter3/-/eventemitter3-5.0.4.tgz",
      "integrity": "sha512-mlsTRyGaPBjPedk6Bvw+aqbsXDtoAyAzm5MO7JgU+yVRyMQ5O8bD4Kcci7BS85f93veegeCPkL8R4GLClnjLFw==",
      "dev": true,
      "license": "MIT"
    },
    "node_modules/fast-xml-builder": {
      "version": "1.3.0",
      "resolved": "https://registry.npmjs.org/fast-xml-builder/-/fast-xml-builder-1.3.0.tgz",
      "integrity": "sha512-F74cZEdCvuw9P41GAC3rod4X04jjWGM1JPEv/GWSqFTWLsdyMSBMBMlm9Hk3GLBgLBbdBNY8yee0pQh2RBVESQ==",
      "dev": true,
      "funding": [
        {
          "type": "github",
          "url": "https://github.com/sponsors/NaturalIntelligence"
        }
      ],
      "license": "MIT",
      "dependencies": {
        "path-expression-matcher": "^1.6.2",
        "xml-naming": "^0.3.0"
      }
    },
    "node_modules/fast-xml-parser": {
      "version": "5.10.1",
      "resolved": "https://registry.npmjs.org/fast-xml-parser/-/fast-xml-parser-5.10.1.tgz",
      "integrity": "sha512-IEMIf7298kXuZSRFoGfMYrl7is8LpavODgbNz1cwIudv7KwVFnuU+UsMporfq6PD6aXSlawZlARiA3UywCTfMw==",
      "dev": true,
      "funding": [
        {
          "type": "github",
          "url": "https://github.com/sponsors/NaturalIntelligence"
        }
      ],
      "license": "MIT",
      "dependencies": {
        "@nodable/entities": "^3.0.0",
        "fast-xml-builder": "^1.2.0",
        "is-unsafe": "^2.0.0",
        "path-expression-matcher": "^1.6.2",
        "strnum": "^2.4.1",
        "xml-naming": "^0.3.0"
      },
      "bin": {
        "fxparser": "src/cli/cli.js"
      }
    },
    "node_modules/has-flag": {
      "version": "3.0.0",
      "resolved": "https://registry.npmjs.org/has-flag/-/has-flag-3.0.0.tgz",
      "integrity": "sha512-sKJf1+ceQBr4SMkvQnBDNDtf4TXpVhVGateu0t918bl30FnbE2m4vNLX+VWe/dpjlb+HugGYzW7uQXH98HPEYw==",
      "dev": true,
      "license": "MIT",
      "engines": {
        "node": ">=4"
      }
    },
    "node_modules/immediate": {
      "version": "3.0.6",
      "resolved": "https://registry.npmjs.org/immediate/-/immediate-3.0.6.tgz",
      "integrity": "sha512-XXOFtyqDjNDAQxVfYxuF7g9Il/IbWmmlQg2MYKOH8ExIT1qg6xc4zyS3HaEEATgs1btfzxq15ciUiY7gjSXRGQ==",
      "dev": true,
      "license": "MIT"
    },
    "node_modules/inherits": {
      "version": "2.0.4",
      "resolved": "https://registry.npmjs.org/inherits/-/inherits-2.0.4.tgz",
      "integrity": "sha512-k/vGaX4/Yla3WzyMCvTQOXYeIHvqOKtnqBduzTHpzpQZzAskKMhZ2K+EnBiSM9zGSoIFeMpXKxa4dYeZIQqewQ==",
      "dev": true,
      "license": "ISC"
    },
    "node_modules/is-unsafe": {
      "version": "2.0.0",
      "resolved": "https://registry.npmjs.org/is-unsafe/-/is-unsafe-2.0.0.tgz",
      "integrity": "sha512-2LdV822R+wmI86unXA93WCFpL6g+av8ynWk0nrHyJqGop5VoocYsSLFgN8jrfalT6iGeLNM4KXuVSsULP53kEA==",
      "dev": true,
      "funding": [
        {
          "type": "github",
          "url": "https://github.com/sponsors/NaturalIntelligence"
        }
      ],
      "license": "MIT"
    },
    "node_modules/isarray": {
      "version": "1.0.0",
      "resolved": "https://registry.npmjs.org/isarray/-/isarray-1.0.0.tgz",
      "integrity": "sha512-VLghIWNM6ELQzo7zwmcg0NmTVyWKYjvIeM83yjp0wRDTmUnrM678fQbcKBo6n2CJEF0szoG//ytg+TKla89ALQ==",
      "dev": true,
      "license": "MIT"
    },
    "node_modules/jszip": {
      "version": "3.10.1",
      "resolved": "https://registry.npmjs.org/jszip/-/jszip-3.10.1.tgz",
      "integrity": "sha512-xXDvecyTpGLrqFrvkrUSoxxfJI5AH7U8zxxtVclpsUtMCq4JQ290LY8AW5c7Ggnr/Y/oK+bQMbqK2qmtk3pN4g==",
      "dev": true,
      "license": "(MIT OR GPL-3.0-or-later)",
      "dependencies": {
        "lie": "~3.3.0",
        "pako": "~1.0.2",
        "readable-stream": "~2.3.6",
        "setimmediate": "^1.0.5"
      }
    },
    "node_modules/lie": {
      "version": "3.3.0",
      "resolved": "https://registry.npmjs.org/lie/-/lie-3.3.0.tgz",
      "integrity": "sha512-UaiMJzeWRlEujzAuw5LokY1L5ecNQYZKfmyZ9L7wDHb/p5etKaxXhohBcrw0EYby+G/NA52vRSN4N39dxHAIwQ==",
      "dev": true,
      "license": "MIT",
      "dependencies": {
        "immediate": "~3.0.5"
      }
    },
    "node_modules/localforage": {
      "version": "1.10.0",
      "resolved": "https://registry.npmjs.org/localforage/-/localforage-1.10.0.tgz",
      "integrity": "sha512-14/H1aX7hzBBmmh7sGPd+AOMkkIrHM3Z1PAyGgZigA1H1p5O5ANnMyWzvpAETtG68/dC4pC0ncy3+PPGzXZHPg==",
      "dev": true,
      "license": "Apache-2.0",
      "dependencies": {
        "lie": "3.1.1"
      }
    },
    "node_modules/localforage/node_modules/lie": {
      "version": "3.1.1",
      "resolved": "https://registry.npmjs.org/lie/-/lie-3.1.1.tgz",
      "integrity": "sha512-RiNhHysUjhrDQntfYSfY4MU24coXXdEOgw9WGcKHNeEwffDYbF//u87M1EWaMGzuFoSbqW0C9C6lEEhDOAswfw==",
      "dev": true,
      "license": "MIT",
      "dependencies": {
        "immediate": "~3.0.5"
      }
    },
    "node_modules/marked": {
      "version": "7.0.5",
      "resolved": "https://registry.npmjs.org/marked/-/marked-7.0.5.tgz",
      "integrity": "sha512-lwNAFTfXgqpt/XvK17a/8wY9/q6fcSPZT1aP6QW0u74VwaJF/Z9KbRcX23sWE4tODM+AolJNcUtErTkgOeFP/Q==",
      "dev": true,
      "license": "MIT",
      "bin": {
        "marked": "bin/marked.js"
      },
      "engines": {
        "node": ">= 16"
      }
    },
    "node_modules/pako": {
      "version": "1.0.11",
      "resolved": "https://registry.npmjs.org/pako/-/pako-1.0.11.tgz",
      "integrity": "sha512-4hLB8Py4zZce5s4yd9XzopqwVv/yGNhV1Bl8NTmCq1763HeK2+EwVTv+leGeL13Dnh2wfbqowVPXCIO0z4taYw==",
      "dev": true,
      "license": "(MIT AND Zlib)"
    },
    "node_modules/path-browserify": {
      "version": "1.0.1",
      "resolved": "https://registry.npmjs.org/path-browserify/-/path-browserify-1.0.1.tgz",
      "integrity": "sha512-b7uo2UCUOYZcnF/3ID0lulOJi/bafxa1xPe7ZPsammBSpjSWQkjNxlt635YGS2MiR9GjvuXCtz2emr3jbsz98g==",
      "dev": true,
      "license": "MIT"
    },
    "node_modules/path-expression-matcher": {
      "version": "1.6.2",
      "resolved": "https://registry.npmjs.org/path-expression-matcher/-/path-expression-matcher-1.6.2.tgz",
      "integrity": "sha512-enSlaiat05iasnzmgNxRj8reFdj3puY2QpNgP1aPIaVfT6nn9ICuPoFlKHk8EN22HcwewshO+mN2DGbkCEOtqQ==",
      "dev": true,
      "funding": [
        {
          "type": "github",
          "url": "https://github.com/sponsors/NaturalIntelligence"
        }
      ],
      "license": "MIT",
      "engines": {
        "node": ">=14.0.0"
      }
    },
    "node_modules/process-nextick-args": {
      "version": "2.0.1",
      "resolved": "https://registry.npmjs.org/process-nextick-args/-/process-nextick-args-2.0.1.tgz",
      "integrity": "sha512-3ouUOpQhtgrbOa17J7+uxOTpITYWaGP7/AhoR3+A+/1e9skrzelGi/dXzEYyvbxubEF6Wn2ypscTKiKJFFn1ag==",
      "dev": true,
      "license": "MIT"
    },
    "node_modules/readable-stream": {
      "version": "2.3.8",
      "resolved": "https://registry.npmjs.org/readable-stream/-/readable-stream-2.3.8.tgz",
      "integrity": "sha512-8p0AUk4XODgIewSi0l8Epjs+EVnWiK7NoDIEGU0HhE7+ZyY8D1IMY7odu5lRrFXGg71L15KG8QrPmum45RTtdA==",
      "dev": true,
      "license": "MIT",
      "dependencies": {
        "core-util-is": "~1.0.0",
        "inherits": "~2.0.3",
        "isarray": "~1.0.0",
        "process-nextick-args": "~2.0.0",
        "safe-buffer": "~5.1.1",
        "string_decoder": "~1.1.1",
        "util-deprecate": "~1.0.1"
      }
    },
    "node_modules/restructure": {
      "version": "3.0.1",
      "resolved": "https://registry.npmjs.org/restructure/-/restructure-3.0.1.tgz",
      "integrity": "sha512-6neDpI/yE9eogQo22qmWwKIA9wFPRyYjQleDEh6zaNAf2ZPqLJYUvNBJBWEWNoBlCeQMQkvIOe2YI/K2GOag+g==",
      "dev": true,
      "license": "MIT"
    },
    "node_modules/safe-buffer": {
      "version": "5.1.2",
      "resolved": "https://registry.npmjs.org/safe-buffer/-/safe-buffer-5.1.2.tgz",
      "integrity": "sha512-Gd2UZBJDkXlY7GbJxfsE8/nvKkUEU1G38c1siN6QP6a9PT9MmHB8GnpscSmMJSoF8LOIrt8ud/wPtojys4G6+g==",
      "dev": true,
      "license": "MIT"
    },
    "node_modules/sax": {
      "version": "1.6.1",
      "resolved": "https://registry.npmjs.org/sax/-/sax-1.6.1.tgz",
      "integrity": "sha512-42tBVwLWnaQvW5zc4HbZrTuWccECCZfBi92FDuwtqxasH+JbPB3/FOKb1m222K42R4WxuxzzMsTswfzgtSu64Q==",
      "dev": true,
      "license": "BlueOak-1.0.0",
      "engines": {
        "node": ">=11.0.0"
      }
    },
    "node_modules/semver": {
      "version": "7.8.5",
      "resolved": "https://registry.npmjs.org/semver/-/semver-7.8.5.tgz",
      "integrity": "sha512-Y7/KDsb8LjooZpwaqGyulO6DQlksgCncchHGk+sZIY4SBvUocMBEFH5Ur1fI4dV+Jvl0w6cjvucaIi40puRioA==",
      "dev": true,
      "license": "ISC",
      "bin": {
        "semver": "bin/semver.js"
      },
      "engines": {
        "node": ">=10"
      }
    },
    "node_modules/setimmediate": {
      "version": "1.0.5",
      "resolved": "https://registry.npmjs.org/setimmediate/-/setimmediate-1.0.5.tgz",
      "integrity": "sha512-MATJdZp8sLqDl/68LfQmbP8zKPLQNV6BIZoIgrscFDQ+RsvK/BxeDQOgyxKKoh0y/8h3BqVFnCqQ/gd+reiIXA==",
      "dev": true,
      "license": "MIT"
    },
    "node_modules/string_decoder": {
      "version": "1.1.1",
      "resolved": "https://registry.npmjs.org/string_decoder/-/string_decoder-1.1.1.tgz",
      "integrity": "sha512-n/ShnvDi6FHbbVfviro+WojiFzv+s8MPMHBczVePfUpDJLwoLT0ht1l4YwBCbi8pJAveEEdnkHyPyTP/mzRfwg==",
      "dev": true,
      "license": "MIT",
      "dependencies": {
        "safe-buffer": "~5.1.0"
      }
    },
    "node_modules/strnum": {
      "version": "2.4.1",
      "resolved": "https://registry.npmjs.org/strnum/-/strnum-2.4.1.tgz",
      "integrity": "sha512-M9eUSMT2dCB2cTNPG7UYj6KuK7RJR2SN2+yCV/fTW3xzTCS6EaGZ5pSMgDIjB7r8zSfTGk+dvvn9rTjpVS9Mwg==",
      "dev": true,
      "funding": [
        {
          "type": "github",
          "url": "https://github.com/sponsors/NaturalIntelligence"
        }
      ],
      "license": "MIT",
      "dependencies": {
        "anynum": "^1.0.1"
      }
    },
    "node_modules/supports-color": {
      "version": "9.4.0",
      "resolved": "https://registry.npmjs.org/supports-color/-/supports-color-9.4.0.tgz",
      "integrity": "sha512-VL+lNrEoIXww1coLPOmiEmK/0sGigko5COxI09KzHc2VJXJsQ37UaQ+8quuxjDeA7+KnLGTWRyOXSLLR2Wb4jw==",
      "dev": true,
      "license": "MIT",
      "engines": {
        "node": ">=12"
      },
      "funding": {
        "url": "https://github.com/chalk/supports-color?sponsor=1"
      }
    },
    "node_modules/typescript": {
      "version": "5.9.3",
      "resolved": "https://registry.npmjs.org/typescript/-/typescript-5.9.3.tgz",
      "integrity": "sha512-jl1vZzPDinLr9eUt3J/t7V6FgNEw9QjvBPdysz9KfQDD41fQrC2Y4vKQdiaUpFT4bXlb1RHhLpp8wtm6M5TgSw==",
      "dev": true,
      "license": "Apache-2.0",
      "bin": {
        "tsc": "bin/tsc",
        "tsserver": "bin/tsserver"
      },
      "engines": {
        "node": ">=14.17"
      }
    },
    "node_modules/util-deprecate": {
      "version": "1.0.2",
      "resolved": "https://registry.npmjs.org/util-deprecate/-/util-deprecate-1.0.2.tgz",
      "integrity": "sha512-EPD5q1uXyFxJpCrLnCc1nHnq3gOa6DZBocAIiI2TaSCA7VCJ1UJDMagCzIkXNsUYfD1daK//LTEQ8xiIbrHtcw==",
      "dev": true,
      "license": "MIT"
    },
    "node_modules/xml-naming": {
      "version": "0.3.0",
      "resolved": "https://registry.npmjs.org/xml-naming/-/xml-naming-0.3.0.tgz",
      "integrity": "sha512-ghig2TBE/H11aOVgmahA3MhimvkBr6JIYknH/Dhdk10nXwdbIqBJsbfMxpvFPG8bAw77gN29aQWvKpmVoPlvPQ==",
      "dev": true,
      "funding": [
        {
          "type": "github",
          "url": "https://github.com/sponsors/NaturalIntelligence"
        }
      ],
      "license": "MIT",
      "engines": {
        "node": ">=16.0.0"
      }
    },
    "node_modules/xmlbuilder": {
      "version": "11.0.1",
      "resolved": "https://registry.npmjs.org/xmlbuilder/-/xmlbuilder-11.0.1.tgz",
      "integrity": "sha512-fDlsI/kFEx7gLvbecc0/ohLG50fugQp8ryHzMTuW9vSa1GJ0XYWKnhsUx7oie3G98+r56aTQIUB4kht42R3JvA==",
      "dev": true,
      "license": "MIT",
      "engines": {
        "node": ">=4.0"
      }
    }
  }
}
